
Microsoft Visual Studio Solution File, Format Version 12.00
# Visual Studio Version 16
VisualStudioVersion = 16.0.31702.278
MinimumVisualStudioVersion = 10.0.40219.1
Project("{FAE04EC0-301F-11D3-BF4B-00C04F79EFBC}") = "PumpContol", "PumpContol\PumpContol.csproj", "{C6A53A47-0993-4D98-A91D-FC73D29EF5D7}"
EndProject
Global
	GlobalSection(SolutionConfigurationPlatforms) = preSolution
		Debug|Any CPU = Debug|Any CPU
		Release|Any CPU = Release|Any CPU
	EndGlobalSection
	GlobalSection(ProjectConfigurationPlatforms) = postSolution
		{C6A53A47-0993-4D98-A91D-FC73D29EF5D7}.Debug|Any CPU.ActiveCfg = Debug|Any CPU
		{C6A53A47-0993-4D98-A91D-FC73D29EF5D7}.Debug|Any CPU.Build.0 = Debug|Any CPU
		{C6A53A47-0993-4D98-A91D-FC73D29EF5D7}.Release|Any CPU.ActiveCfg = Release|Any CPU
		{C6A53A47-0993-4D98-A91D-FC73D29EF5D7}.Release|Any CPU.Build.0 = Release|Any CPU
	EndGlobalSection
	GlobalSection(SolutionProperties) = preSolution
		HideSolutionNode = FALSE
	EndGlobalSection
	GlobalSection(ExtensibilityGlobals) = postSolution
		SolutionGuid = {A8D99265-4A16-4BC2-83A0-C6ACD3B094CF}
	EndGlobalSection
EndGlobal
